Microsoft Visual Studio Solution File, Format Version 12.00
# Visual Studio 15
VisualStudioVersion = 15.0.27130.2027
MinimumVisualStudioVersion = 15.0.26124.0
Project("{9A19103F-16F7-4668-BE54-9A1E7A4F7556}") = "PizzaPlace.Server", "PizzaPlace.Server\PizzaPlace.Server.csproj", "{A1B4DD8E-4D3B-40AF-93A9-318017F015CE}"
EndProject
Project("{9A19103F-16F7-4668-BE54-9A1E7A4F7556}") = "PizzaPlace.Client", "PizzaPlace.Client\PizzaPlace.Client.csproj", "{FAB3FF64-F3AE-40CE-8A4E-6554ABF6CA54}"
EndProject
Project("{9A19103F-16F7-4668-BE54-9A1E7A4F7556}") = "PizzaPlace.Shared", "PizzaPlace.Shared\PizzaPlace.Shared.csproj", "{0FFA17D0-6C24-48A5-96BE-F2206659BF81}"
EndProject
Global
	GlobalSection(SolutionConfigurationPlatforms) = preSolution
		Debug|Any CPU = Debug|Any CPU
		Debug|x64 = Debug|x64
		Debug|x86 = Debug|x86
		Release|Any CPU = Release|Any CPU
		Release|x64 = Release|x64
		Release|x86 = Release|x86
	EndGlobalSection
	GlobalSection(ProjectConfigurationPlatforms) = postSolution
		{FAB3FF64-F3AE-40CE-8A4E-6554ABF6CA54}.Debug|Any CPU.ActiveCfg = Debug|Any CPU
		{FAB3FF64-F3AE-40CE-8A4E-6554ABF6CA54}.Debug|Any CPU.Build.0 = Debug|Any CPU
		{FAB3FF64-F3AE-40CE-8A4E-6554ABF6CA54}.Debug|x64.ActiveCfg = Debug|Any CPU
		{FAB3FF64-F3AE-40CE-8A4E-6554ABF6CA54}.Debug|x64.Build.0 = Debug|Any CPU
		{FAB3FF64-F3AE-40CE-8A4E-6554ABF6CA54}.Debug|x86.ActiveCfg = Debug|Any CPU
		{FAB3FF64-F3AE-40CE-8A4E-6554ABF6CA54}.Debug|x86.Build.0 = Debug|Any CPU
		{FAB3FF64-F3AE-40CE-8A4E-6554ABF6CA54}.Release|Any CPU.ActiveCfg = Release|Any CPU
		{FAB3FF64-F3AE-40CE-8A4E-6554ABF6CA54}.Release|Any CPU.Build.0 = Release|Any CPU
		{FAB3FF64-F3AE-40CE-8A4E-6554ABF6CA54}.Release|x64.ActiveCfg = Release|Any CPU
		{FAB3FF64-F3AE-40CE-8A4E-6554ABF6CA54}.Release|x64.Build.0 = Release|Any CPU
		{FAB3FF64-F3AE-40CE-8A4E-6554ABF6CA54}.Release|x86.ActiveCfg = Release|Any CPU
		{FAB3FF64-F3AE-40CE-8A4E-6554ABF6CA54}.Release|x86.Build.0 = Release|Any CPU
		{A1B4DD8E-4D3B-40AF-93A9-318017F015CE}.Debug|Any CPU.ActiveCfg = Debug|Any CPU
		{A1B4DD8E-4D3B-40AF-93A9-318017F015CE}.Debug|Any CPU.Build.0 = Debug|Any CPU
		{A1B4DD8E-4D3B-40AF-93A9-318017F015CE}.Debug|x64.ActiveCfg = Debug|Any CPU
		{A1B4DD8E-4D3B-40AF-93A9-318017F015CE}.Debug|x64.Build.0 = Debug|Any CPU
		{A1B4DD8E-4D3B-40AF-93A9-318017F015CE}.Debug|x86.ActiveCfg = Debug|Any CPU
		{A1B4DD8E-4D3B-40AF-93A9-318017F015CE}.Debug|x86.Build.0 = Debug|Any CPU
		{A1B4DD8E-4D3B-40AF-93A9-318017F015CE}.Release|Any CPU.ActiveCfg = Release|Any CPU
		{A1B4DD8E-4D3B-40AF-93A9-318017F015CE}.Release|Any CPU.Build.0 = Release|Any CPU
		{A1B4DD8E-4D3B-40AF-93A9-318017F015CE}.Release|x64.ActiveCfg = Release|Any CPU
		{A1B4DD8E-4D3B-40AF-93A9-318017F015CE}.Release|x64.Build.0 = Release|Any CPU
		{A1B4DD8E-4D3B-40AF-93A9-318017F015CE}.Release|x86.ActiveCfg = Release|Any CPU
		{A1B4DD8E-4D3B-40AF-93A9-318017F015CE}.Release|x86.Build.0 = Release|Any CPU
		{0FFA17D0-6C24-48A5-96BE-F2206659BF81}.Debug|Any CPU.ActiveCfg = Debug|Any CPU
		{0FFA17D0-6C24-48A5-96BE-F2206659BF81}.Debug|Any CPU.Build.0 = Debug|Any CPU
		{0FFA17D0-6C24-48A5-96BE-F2206659BF81}.Debug|x64.ActiveCfg = Debug|Any CPU
		{0FFA17D0-6C24-48A5-96BE-F2206659BF81}.Debug|x64.Build.0 = Debug|Any CPU
		{0FFA17D0-6C24-48A5-96BE-F2206659BF81}.Debug|x86.ActiveCfg = Debug|Any CPU
		{0FFA17D0-6C24-48A5-96BE-F2206659BF81}.Debug|x86.Build.0 = Debug|Any CPU
		{0FFA17D0-6C24-48A5-96BE-F2206659BF81}.Release|Any CPU.ActiveCfg = Release|Any CPU
		{0FFA17D0-6C24-48A5-96BE-F2206659BF81}.Release|Any CPU.Build.0 = Release|Any CPU
		{0FFA17D0-6C24-48A5-96BE-F2206659BF81}.Release|x64.ActiveCfg = Release|Any CPU
		{0FFA17D0-6C24-48A5-96BE-F2206659BF81}.Release|x64.Build.0 = Release|Any CPU
		{0FFA17D0-6C24-48A5-96BE-F2206659BF81}.Release|x86.ActiveCfg = Release|Any CPU
		{0FFA17D0-6C24-48A5-96BE-F2206659BF81}.Release|x86.Build.0 = Release|Any CPU
	EndGlobalSection
	GlobalSection(SolutionProperties) = preSolution
		HideSolutionNode = FALSE
	EndGlobalSection
	GlobalSection(ExtensibilityGlobals) = postSolution
		SolutionGuid = {A788D66A-C7BD-4600-A965-20FCD319AC97}
	EndGlobalSection
EndGlobal
